
Microsoft Visual Studio Solution File, Format Version 12.00
# Visual Studio 15
VisualStudioVersion = 15.0.27004.2002
MinimumVisualStudioVersion = 10.0.40219.1
Project("{FAE04EC0-301F-11D3-BF4B-00C04F79EFBC}") = "WpfAppPersona", "WpfAppPersona\WpfAppPersona.csproj", "{07733511-2A21-45AF-82F2-F2AD286F3ECB}"
EndProject
Global
	GlobalSection(SolutionConfigurationPlatforms) = preSolution
		Debug|Any CPU = Debug|Any CPU
		Release|Any CPU = Release|Any CPU
	EndGlobalSection
	GlobalSection(ProjectConfigurationPlatforms) = postSolution
		{07733511-2A21-45AF-82F2-F2AD286F3ECB}.Debug|Any CPU.ActiveCfg = Debug|Any CPU
		{07733511-2A21-45AF-82F2-F2AD286F3ECB}.Debug|Any CPU.Build.0 = Debug|Any CPU
		{07733511-2A21-45AF-82F2-F2AD286F3ECB}.Release|Any CPU.ActiveCfg = Release|Any CPU
		{07733511-2A21-45AF-82F2-F2AD286F3ECB}.Release|Any CPU.Build.0 = Release|Any CPU
	EndGlobalSection
	GlobalSection(SolutionProperties) = preSolution
		HideSolutionNode = FALSE
	EndGlobalSection
	GlobalSection(ExtensibilityGlobals) = postSolution
		SolutionGuid = {1F8B68A0-3E8F-4C16-9FBA-A2A5C6C9E20E}
	EndGlobalSection
EndGlobal
